
Microsoft Visual Studio Solution File, Format Version 12.00
Project("{F2A71F9B-5D33-465A-A702-920D77279786}") = "TechnicaRadarVortexer", "TechnicaRadarVortexer\TechnicaRadarVortexer.fsproj", "{10C8A300-BB27-4DC0-A2CF-DD31C040E10C}"
EndProject
Global
	GlobalSection(SolutionConfigurationPlatforms) = preSolution
		Debug|Any CPU = Debug|Any CPU
		Release|Any CPU = Release|Any CPU
	EndGlobalSection
	GlobalSection(ProjectConfigurationPlatforms) = postSolution
		{10C8A300-BB27-4DC0-A2CF-DD31C040E10C}.Debug|Any CPU.ActiveCfg = Debug|Any CPU
		{10C8A300-BB27-4DC0-A2CF-DD31C040E10C}.Debug|Any CPU.Build.0 = Debug|Any CPU
		{10C8A300-BB27-4DC0-A2CF-DD31C040E10C}.Release|Any CPU.ActiveCfg = Release|Any CPU
		{10C8A300-BB27-4DC0-A2CF-DD31C040E10C}.Release|Any CPU.Build.0 = Release|Any CPU
	EndGlobalSection
EndGlobal
